// !$*UTF8*$!
{
	archiveVersion = 1;
	classes = {
	};
	objectVersion = 46;
	objects = {

/* Begin PBXBuildFile section */
		3700A4581B346D3C0078DD77 /* OVOutput.c in Sources */ = {isa = PBXBuildFile; fileRef = 3700A4571B346D3C0078DD77 /* OVOutput.c */; };
		373409091B0CFBC5005E49F2 /* main.c in Sources */ = {isa = PBXBuildFile; fileRef = 373409081B0CFBC5005E49F2 /* main.c */; };
		373409101B0CFBEA005E49F2 /* libjansson.a in Frameworks */ = {isa = PBXBuildFile; fileRef = 3734090F1B0CFBEA005E49F2 /* libjansson.a */; };
		373409141B0CFC47005E49F2 /* libcurl.dylib in Frameworks */ = {isa = PBXBuildFile; fileRef = 373409131B0CFC47005E49F2 /* libcurl.dylib */; };
		3757A8AB1B0DF5AA006F4F8F /* OVSessionID.c in Sources */ = {isa = PBXBuildFile; fileRef = 3757A8A91B0DF5AA006F4F8F /* OVSessionID.c */; };
		37F271661B0F2DC90097E583 /* OVHttps.c in Sources */ = {isa = PBXBuildFile; fileRef = 37F271641B0F2DC90097E583 /* OVHttps.c */; };
/* End PBXBuildFile section */

/* Begin PBXCopyFilesBuildPhase section */
		373409031B0CFBC5005E49F2 /* CopyFiles */ = {
			isa = PBXCopyFilesBuildPhase;
			buildActionMask = 2147483647;
			dstPath = /usr/share/man/man1/;
			dstSubfolderSpec = 0;
			files = (
			);
			runOnlyForDeploymentPostprocessing = 1;
		};
/* End PBXCopyFilesBuildPhase section */

/* Begin PBXFileReference section */
		3700A4571B346D3C0078DD77 /* OVOutput.c */ = {isa = PBXFileReference; fileEncoding = 4; lastKnownFileType = sourcecode.c.c; path = OVOutput.c; sourceTree = "<group>"; };
		373409051B0CFBC5005E49F2 /* OVCLI */ = {isa = PBXFileReference; explicitFileType = "compiled.mach-o.executable"; includeInIndex = 0; path = OVCLI; sourceTree = BUILT_PRODUCTS_DIR; };
		373409081B0CFBC5005E49F2 /* main.c */ = {isa = PBXFileReference; lastKnownFileType = sourcecode.c.c; path = main.c; sourceTree = "<group>"; };
		3734090F1B0CFBEA005E49F2 /* libjansson.a */ = {isa = PBXFileReference; lastKnownFileType = archive.ar; path = libjansson.a; sourceTree = "<group>"; };
		373409111B0CFBFF005E49F2 /* jansson_config.h */ = {isa = PBXFileReference; lastKnownFileType = sourcecode.c.h; path = jansson_config.h; sourceTree = "<group>"; };
		373409121B0CFBFF005E49F2 /* jansson.h */ = {isa = PBXFileReference; lastKnownFileType = sourcecode.c.h; path = jansson.h; sourceTree = "<group>"; };
		373409131B0CFC47005E49F2 /* libcurl.dylib */ = {isa = PBXFileReference; lastKnownFileType = "compiled.mach-o.dylib"; name = libcurl.dylib; path = usr/lib/libcurl.dylib; sourceTree = SDKROOT; };
		3756E9CB1B1F73D400EDC894 /* OVOutput.h */ = {isa = PBXFileReference; lastKnownFileType = sourcecode.c.h; path = OVOutput.h; sourceTree = "<group>"; };
		3757A8A91B0DF5AA006F4F8F /* OVSessionID.c */ = {isa = PBXFileReference; fileEncoding = 4; lastKnownFileType = sourcecode.c.c; path = OVSessionID.c; sourceTree = "<group>"; };
		3757A8AA1B0DF5AA006F4F8F /* OVSessionID.h */ = {isa = PBXFileReference; fileEncoding = 4; lastKnownFileType = sourcecode.c.h; path = OVSessionID.h; sourceTree = "<group>"; };
		37F271641B0F2DC90097E583 /* OVHttps.c */ = {isa = PBXFileReference; fileEncoding = 4; lastKnownFileType = sourcecode.c.c; path = OVHttps.c; sourceTree = "<group>"; };
		37F271651B0F2DC90097E583 /* OVHttps.h */ = {isa = PBXFileReference; fileEncoding = 4; lastKnownFileType = sourcecode.c.h; path = OVHttps.h; sourceTree = "<group>"; };
		37F271671B0F31970097E583 /* README.rtf */ = {isa = PBXFileReference; fileEncoding = 4; lastKnownFileType = text.rtf; path = README.rtf; sourceTree = "<group>"; };
/* End PBXFileReference section */

/* Begin PBXFrameworksBuildPhase section */
		373409021B0CFBC5005E49F2 /* Frameworks */ = {
			isa = PBXFrameworksBuildPhase;
			buildActionMask = 2147483647;
			files = (
				373409141B0CFC47005E49F2 /* libcurl.dylib in Frameworks */,
				373409101B0CFBEA005E49F2 /* libjansson.a in Frameworks */,
			);
			runOnlyForDeploymentPostprocessing = 0;
		};
/* End PBXFrameworksBuildPhase section */

/* Begin PBXGroup section */
		373408FC1B0CFBC5005E49F2 = {
			isa = PBXGroup;
			children = (
				37F271671B0F31970097E583 /* README.rtf */,
				373409131B0CFC47005E49F2 /* libcurl.dylib */,
				373409071B0CFBC5005E49F2 /* OVCLI */,
				373409061B0CFBC5005E49F2 /* Products */,
				373409111B0CFBFF005E49F2 /* jansson_config.h */,
				373409121B0CFBFF005E49F2 /* jansson.h */,
			);
			sourceTree = "<group>";
		};
		373409061B0CFBC5005E49F2 /* Products */ = {
			isa = PBXGroup;
			children = (
				373409051B0CFBC5005E49F2 /* OVCLI */,
			);
			name = Products;
			sourceTree = "<group>";
		};
		373409071B0CFBC5005E49F2 /* OVCLI */ = {
			isa = PBXGroup;
			children = (
				373409081B0CFBC5005E49F2 /* main.c */,
				3734090F1B0CFBEA005E49F2 /* libjansson.a */,
				3757A8A91B0DF5AA006F4F8F /* OVSessionID.c */,
				3757A8AA1B0DF5AA006F4F8F /* OVSessionID.h */,
				37F271641B0F2DC90097E583 /* OVHttps.c */,
				37F271651B0F2DC90097E583 /* OVHttps.h */,
				3756E9CB1B1F73D400EDC894 /* OVOutput.h */,
				3700A4571B346D3C0078DD77 /* OVOutput.c */,
			);
			path = OVCLI;
			sourceTree = "<group>";
		};
/* End PBXGroup section */

/* Begin PBXNativeTarget section */
		373409041B0CFBC5005E49F2 /* OVCLI */ = {
			isa = PBXNativeTarget;
			buildConfigurationList = 3734090C1B0CFBC5005E49F2 /* Build configuration list for PBXNativeTarget "OVCLI" */;
			buildPhases = (
				373409011B0CFBC5005E49F2 /* Sources */,
				373409021B0CFBC5005E49F2 /* Frameworks */,
				373409031B0CFBC5005E49F2 /* CopyFiles */,
			);
			buildRules = (
			);
			dependencies = (
			);
			name = OVCLI;
			productName = OVCLI;
			productReference = 373409051B0CFBC5005E49F2 /* OVCLI */;
			productType = "com.apple.product-type.tool";
		};
/* End PBXNativeTarget section */

/* Begin PBXProject section */
		373408FD1B0CFBC5005E49F2 /* Project object */ = {
			isa = PBXProject;
			attributes = {
				LastUpgradeCheck = 0630;
				ORGANIZATIONNAME = "Daniel Finneran";
				TargetAttributes = {
					373409041B0CFBC5005E49F2 = {
						CreatedOnToolsVersion = 6.3.1;
					};
				};
			};
			buildConfigurationList = 373409001B0CFBC5005E49F2 /* Build configuration list for PBXProject "OVCLI" */;
			compatibilityVersion = "Xcode 3.2";
			developmentRegion = English;
			hasScannedForEncodings = 0;
			knownRegions = (
				en,
			);
			mainGroup = 373408FC1B0CFBC5005E49F2;
			productRefGroup = 373409061B0CFBC5005E49F2 /* Products */;
			projectDirPath = "";
			projectRoot = "";
			targets = (
				373409041B0CFBC5005E49F2 /* OVCLI */,
			);
		};
/* End PBXProject section */

/* Begin PBXSourcesBuildPhase section */
		373409011B0CFBC5005E49F2 /* Sources */ = {
			isa = PBXSourcesBuildPhase;
			buildActionMask = 2147483647;
			files = (
				37F271661B0F2DC90097E583 /* OVHttps.c in Sources */,
				3700A4581B346D3C0078DD77 /* OVOutput.c in Sources */,
				3757A8AB1B0DF5AA006F4F8F /* OVSessionID.c in Sources */,
				373409091B0CFBC5005E49F2 /* main.c in Sources */,
			);
			runOnlyForDeploymentPostprocessing = 0;
		};
/* End PBXSourcesBuildPhase section */

/* Begin XCBuildConfiguration section */
		3734090A1B0CFBC5005E49F2 /* Debug */ = {
			isa = XCBuildConfiguration;
			buildSettings = {
				ALWAYS_SEARCH_USER_PATHS = NO;
				CLANG_CXX_LANGUAGE_STANDARD = "gnu++0x";
				CLANG_CXX_LIBRARY = "libc++";
				CLANG_ENABLE_MODULES = YES;
				CLANG_ENABLE_OBJC_ARC = YES;
				CLANG_WARN_BOOL_CONVERSION = YES;
				CLANG_WARN_CONSTANT_CONVERSION = YES;
				CLANG_WARN_DIRECT_OBJC_ISA_USAGE = YES_ERROR;
				CLANG_WARN_EMPTY_BODY = YES;
				CLANG_WARN_ENUM_CONVERSION = YES;
				CLANG_WARN_INT_CONVERSION = YES;
				CLANG_WARN_OBJC_ROOT_CLASS = YES_ERROR;
				CLANG_WARN_UNREACHABLE_CODE = YES;
				CLANG_WARN__DUPLICATE_METHOD_MATCH = YES;
				COPY_PHASE_STRIP = NO;
				DEBUG_INFORMATION_FORMAT = dwarf;
				ENABLE_STRICT_OBJC_MSGSEND = YES;
				GCC_C_LANGUAGE_STANDARD = gnu99;
				GCC_DYNAMIC_NO_PIC = NO;
				GCC_NO_COMMON_BLOCKS = YES;
				GCC_OPTIMIZATION_LEVEL = 0;
				GCC_PREPROCESSOR_DEFINITIONS = (
					"DEBUG=1",
					"$(inherited)",
				);
				GCC_SYMBOLS_PRIVATE_EXTERN = NO;
				GCC_WARN_64_TO_32_BIT_CONVERSION = YES;
				GCC_WARN_ABOUT_RETURN_TYPE = YES_ERROR;
				GCC_WARN_UNDECLARED_SELECTOR = YES;
				GCC_WARN_UNINITIALIZED_AUTOS = YES_AGGRESSIVE;
				GCC_WARN_UNUSED_FUNCTION = YES;
				GCC_WARN_UNUSED_VARIABLE = YES;
				MACOSX_DEPLOYMENT_TARGET = 10.10;
				MTL_ENABLE_DEBUG_INFO = YES;
				ONLY_ACTIVE_ARCH = YES;
				SDKROOT = macosx;
			};
			name = Debug;
		};
		3734090B1B0CFBC5005E49F2 /* Release */ = {
			isa = XCBuildConfiguration;
			buildSettings = {
				ALWAYS_SEARCH_USER_PATHS = NO;
				CLANG_CXX_LANGUAGE_STANDARD = "gnu++0x";
				CLANG_CXX_LIBRARY = "libc++";
				CLANG_ENABLE_MODULES = YES;
				CLANG_ENABLE_OBJC_ARC = YES;
				CLANG_WARN_BOOL_CONVERSION = YES;
				CLANG_WARN_CONSTANT_CONVERSION = YES;
				CLANG_WARN_DIRECT_OBJC_ISA_USAGE = YES_ERROR;
				CLANG_WARN_EMPTY_BODY = YES;
				CLANG_WARN_ENUM_CONVERSION = YES;
				CLANG_WARN_INT_CONVERSION = YES;
				CLANG_WARN_OBJC_ROOT_CLASS = YES_ERROR;
				CLANG_WARN_UNREACHABLE_CODE = YES;
				CLANG_WARN__DUPLICATE_METHOD_MATCH = YES;
				COPY_PHASE_STRIP = NO;
				DEBUG_INFORMATION_FORMAT = "dwarf-with-dsym";
				ENABLE_NS_ASSERTIONS = NO;
				ENABLE_STRICT_OBJC_MSGSEND = YES;
				GCC_C_LANGUAGE_STANDARD = gnu99;
				GCC_NO_COMMON_BLOCKS = YES;
				GCC_WARN_64_TO_32_BIT_CONVERSION = YES;
				GCC_WARN_ABOUT_RETURN_TYPE = YES_ERROR;
				GCC_WARN_UNDECLARED_SELECTOR = YES;
				GCC_WARN_UNINITIALIZED_AUTOS = YES_AGGRESSIVE;
				GCC_WARN_UNUSED_FUNCTION = YES;
				GCC_WARN_UNUSED_VARIABLE = YES;
				MACOSX_DEPLOYMENT_TARGET = 10.10;
				MTL_ENABLE_DEBUG_INFO = NO;
				SDKROOT = macosx;
			};
			name = Release;
		};
		3734090D1B0CFBC5005E49F2 /* Debug */ = {
			isa = XCBuildConfiguration;
			buildSettings = {
				LIBRARY_SEARCH_PATHS = (
					"$(inherited)",
					"$(PROJECT_DIR)/OVCLI",
				);
				PRODUCT_NAME = "$(TARGET_NAME)";
			};
			name = Debug;
		};
		3734090E1B0CFBC5005E49F2 /* Release */ = {
			isa = XCBuildConfiguration;
			buildSettings = {
				LIBRARY_SEARCH_PATHS = (
					"$(inherited)",
					"$(PROJECT_DIR)/OVCLI",
				);
				PRODUCT_NAME = "$(TARGET_NAME)";
			};
			name = Release;
		};
/* End XCBuildConfiguration section */

/* Begin XCConfigurationList section */
		373409001B0CFBC5005E49F2 /* Build configuration list for PBXProject "OVCLI" */ = {
			isa = XCConfigurationList;
			buildConfigurations = (
				3734090A1B0CFBC5005E49F2 /* Debug */,
				3734090B1B0CFBC5005E49F2 /* Release */,
			);
			defaultConfigurationIsVisible = 0;
			defaultConfigurationName = Release;
		};
		3734090C1B0CFBC5005E49F2 /* Build configuration list for PBXNativeTarget "OVCLI" */ = {
			isa = XCConfigurationList;
			buildConfigurations = (
				3734090D1B0CFBC5005E49F2 /* Debug */,
				3734090E1B0CFBC5005E49F2 /* Release */,
			);
			defaultConfigurationIsVisible = 0;
			defaultConfigurationName = Release;
		};
/* End XCConfigurationList section */
	};
	rootObject = 373408FD1B0CFBC5005E49F2 /* Project object */;
}
